
Microsoft Visual Studio Solution File, Format Version 12.00
# Visual Studio Version 16
VisualStudioVersion = 16.0.29806.167
MinimumVisualStudioVersion = 10.0.40219.1
Project("{9A19103F-16F7-4668-BE54-9A1E7A4F7556}") = "TextToColor", "src\TextToColor\TextToColor.csproj", "{C26007ED-77B2-4240-8284-8A54FB3E563B}"
EndProject
Project("{9A19103F-16F7-4668-BE54-9A1E7A4F7556}") = "TextToColor.Tests", "tests\TextToColor.Tests\TextToColor.Tests.csproj", "{7ED1A831-5EC2-4893-BA7E-BF07EC13DBD1}"
EndProject
Project("{9A19103F-16F7-4668-BE54-9A1E7A4F7556}") = "TextToColor.Benchmarks", "tests\TextToColor.Benchmarks\TextToColor.Benchmarks.csproj", "{162F690E-B817-4CD4-9532-5D1D91309DE6}"
EndProject
Project("{9A19103F-16F7-4668-BE54-9A1E7A4F7556}") = "_build", "build\_build.csproj", "{B2E0829F-83E7-4ADF-8D11-19BD7A03A245}"
EndProject
Project("{2150E333-8FDC-42A3-9474-1A3956D46DE8}") = "Solution Items", "Solution Items", "{C472ED52-8637-4EA1-90EA-CEC12470A04D}"
	ProjectSection(SolutionItems) = preProject
		README.md = README.md
		version.json = version.json
	EndProjectSection
EndProject
Global
	GlobalSection(SolutionConfigurationPlatforms) = preSolution
		Debug|Any CPU = Debug|Any CPU
		Release|Any CPU = Release|Any CPU
	EndGlobalSection
	GlobalSection(ProjectConfigurationPlatforms) = postSolution
		{C26007ED-77B2-4240-8284-8A54FB3E563B}.Debug|Any CPU.ActiveCfg = Debug|Any CPU
		{C26007ED-77B2-4240-8284-8A54FB3E563B}.Debug|Any CPU.Build.0 = Debug|Any CPU
		{C26007ED-77B2-4240-8284-8A54FB3E563B}.Release|Any CPU.ActiveCfg = Release|Any CPU
		{C26007ED-77B2-4240-8284-8A54FB3E563B}.Release|Any CPU.Build.0 = Release|Any CPU
		{7ED1A831-5EC2-4893-BA7E-BF07EC13DBD1}.Debug|Any CPU.ActiveCfg = Debug|Any CPU
		{7ED1A831-5EC2-4893-BA7E-BF07EC13DBD1}.Debug|Any CPU.Build.0 = Debug|Any CPU
		{7ED1A831-5EC2-4893-BA7E-BF07EC13DBD1}.Release|Any CPU.ActiveCfg = Release|Any CPU
		{7ED1A831-5EC2-4893-BA7E-BF07EC13DBD1}.Release|Any CPU.Build.0 = Release|Any CPU
		{162F690E-B817-4CD4-9532-5D1D91309DE6}.Debug|Any CPU.ActiveCfg = Debug|Any CPU
		{162F690E-B817-4CD4-9532-5D1D91309DE6}.Debug|Any CPU.Build.0 = Debug|Any CPU
		{162F690E-B817-4CD4-9532-5D1D91309DE6}.Release|Any CPU.ActiveCfg = Release|Any CPU
		{162F690E-B817-4CD4-9532-5D1D91309DE6}.Release|Any CPU.Build.0 = Release|Any CPU
		{B2E0829F-83E7-4ADF-8D11-19BD7A03A245}.Debug|Any CPU.ActiveCfg = Debug|Any CPU
		{B2E0829F-83E7-4ADF-8D11-19BD7A03A245}.Release|Any CPU.ActiveCfg = Release|Any CPU
	EndGlobalSection
	GlobalSection(SolutionProperties) = preSolution
		HideSolutionNode = FALSE
	EndGlobalSection
	GlobalSection(ExtensibilityGlobals) = postSolution
		SolutionGuid = {0BA7527D-7458-4945-8597-3F40D07A04BA}
	EndGlobalSection
EndGlobal
